// !$*UTF8*$!
{
	archiveVersion = 1;
	classes = {
	};
	objectVersion = 46;
	objects = {

/* Begin PBXBuildFile section */
		5630FB1418FB0C0800D9AB29 /* CoreLocation.framework in Frameworks */ = {isa = PBXBuildFile; fileRef = 5630FB1318FB0C0800D9AB29 /* CoreLocation.framework */; };
		565F60CB18F547B80041799F /* Foundation.framework in Frameworks */ = {isa = PBXBuildFile; fileRef = 565F60CA18F547B80041799F /* Foundation.framework */; };
		565F60CD18F547B80041799F /* CoreGraphics.framework in Frameworks */ = {isa = PBXBuildFile; fileRef = 565F60CC18F547B80041799F /* CoreGraphics.framework */; };
		565F60CF18F547B80041799F /* UIKit.framework in Frameworks */ = {isa = PBXBuildFile; fileRef = 565F60CE18F547B80041799F /* UIKit.framework */; };
		565F60D518F547B80041799F /* InfoPlist.strings in Resources */ = {isa = PBXBuildFile; fileRef = 565F60D318F547B80041799F /* InfoPlist.strings */; };
		565F60D718F547B80041799F /* main.m in Sources */ = {isa = PBXBuildFile; fileRef = 565F60D618F547B80041799F /* main.m */; };
		565F60DB18F547B80041799F /* GEAppDelegate.m in Sources */ = {isa = PBXBuildFile; fileRef = 565F60DA18F547B80041799F /* GEAppDelegate.m */; };
		565F60DE18F547B90041799F /* Main.storyboard in Resources */ = {isa = PBXBuildFile; fileRef = 565F60DC18F547B90041799F /* Main.storyboard */; };
		565F60E118F547B90041799F /* GEViewController.m in Sources */ = {isa = PBXBuildFile; fileRef = 565F60E018F547B90041799F /* GEViewController.m */; };
		565F60E318F547B90041799F /* Images.xcassets in Resources */ = {isa = PBXBuildFile; fileRef = 565F60E218F547B90041799F /* Images.xcassets */; };
		565F60EA18F547B90041799F /* XCTest.framework in Frameworks */ = {isa = PBXBuildFile; fileRef = 565F60E918F547B90041799F /* XCTest.framework */; };
		565F60EB18F547B90041799F /* Foundation.framework in Frameworks */ = {isa = PBXBuildFile; fileRef = 565F60CA18F547B80041799F /* Foundation.framework */; };
		565F60EC18F547B90041799F /* UIKit.framework in Frameworks */ = {isa = PBXBuildFile; fileRef = 565F60CE18F547B80041799F /* UIKit.framework */; };
		565F60F418F547B90041799F /* InfoPlist.strings in Resources */ = {isa = PBXBuildFile; fileRef = 565F60F218F547B90041799F /* InfoPlist.strings */; };
		565F60F618F547B90041799F /* GoEuroTests.m in Sources */ = {isa = PBXBuildFile; fileRef = 565F60F518F547B90041799F /* GoEuroTests.m */; };
		565F610018F549A90041799F /* Logo_Goeuro-1024x196.jpg in Resources */ = {isa = PBXBuildFile; fileRef = 565F60FF18F549A90041799F /* Logo_Goeuro-1024x196.jpg */; };
		565F610218F549B10041799F /* goeuro.png in Resources */ = {isa = PBXBuildFile; fileRef = 565F610118F549B10041799F /* goeuro.png */; };
/* End PBXBuildFile section */

/* Begin PBXContainerItemProxy section */
		565F60ED18F547B90041799F /* PBXContainerItemProxy */ = {
			isa = PBXContainerItemProxy;
			containerPortal = 565F60BF18F547B80041799F /* Project object */;
			proxyType = 1;
			remoteGlobalIDString = 565F60C618F547B80041799F;
			remoteInfo = GoEuro;
		};
/* End PBXContainerItemProxy section */

/* Begin PBXFileReference section */
		5630FB1318FB0C0800D9AB29 /* CoreLocation.framework */ = {isa = PBXFileReference; lastKnownFileType = wrapper.framework; name = CoreLocation.framework; path = System/Library/Frameworks/CoreLocation.framework; sourceTree = SDKROOT; };
		565F60C718F547B80041799F /* GoEuro.app */ = {isa = PBXFileReference; explicitFileType = wrapper.application; includeInIndex = 0; path = GoEuro.app; sourceTree = BUILT_PRODUCTS_DIR; };
		565F60CA18F547B80041799F /* Foundation.framework */ = {isa = PBXFileReference; lastKnownFileType = wrapper.framework; name = Foundation.framework; path = System/Library/Frameworks/Foundation.framework; sourceTree = SDKROOT; };
		565F60CC18F547B80041799F /* CoreGraphics.framework */ = {isa = PBXFileReference; lastKnownFileType = wrapper.framework; name = CoreGraphics.framework; path = System/Library/Frameworks/CoreGraphics.framework; sourceTree = SDKROOT; };
		565F60CE18F547B80041799F /* UIKit.framework */ = {isa = PBXFileReference; lastKnownFileType = wrapper.framework; name = UIKit.framework; path = System/Library/Frameworks/UIKit.framework; sourceTree = SDKROOT; };
		565F60D218F547B80041799F /* GoEuro-Info.plist */ = {isa = PBXFileReference; lastKnownFileType = text.plist.xml; path = "GoEuro-Info.plist"; sourceTree = "<group>"; };
		565F60D418F547B80041799F /* en */ = {isa = PBXFileReference; lastKnownFileType = text.plist.strings; name = en; path = en.lproj/InfoPlist.strings; sourceTree = "<group>"; };
		565F60D618F547B80041799F /* main.m */ = {isa = PBXFileReference; lastKnownFileType = sourcecode.c.objc; path = main.m; sourceTree = "<group>"; };
		565F60D818F547B80041799F /* GoEuro-Prefix.pch */ = {isa = PBXFileReference; lastKnownFileType = sourcecode.c.h; path = "GoEuro-Prefix.pch"; sourceTree = "<group>"; };
		565F60D918F547B80041799F /* GEAppDelegate.h */ = {isa = PBXFileReference; lastKnownFileType = sourcecode.c.h; path = GEAppDelegate.h; sourceTree = "<group>"; };
		565F60DA18F547B80041799F /* GEAppDelegate.m */ = {isa = PBXFileReference; lastKnownFileType = sourcecode.c.objc; path = GEAppDelegate.m; sourceTree = "<group>"; };
		565F60DD18F547B90041799F /* Base */ = {isa = PBXFileReference; lastKnownFileType = file.storyboard; name = Base; path = Base.lproj/Main.storyboard; sourceTree = "<group>"; };
		565F60DF18F547B90041799F /* GEViewController.h */ = {isa = PBXFileReference; lastKnownFileType = sourcecode.c.h; path = GEViewController.h; sourceTree = "<group>"; };
		565F60E018F547B90041799F /* GEViewController.m */ = {isa = PBXFileReference; lastKnownFileType = sourcecode.c.objc; path = GEViewController.m; sourceTree = "<group>"; };
		565F60E218F547B90041799F /* Images.xcassets */ = {isa = PBXFileReference; lastKnownFileType = folder.assetcatalog; path = Images.xcassets; sourceTree = "<group>"; };
		565F60E818F547B90041799F /* GoEuroTests.xctest */ = {isa = PBXFileReference; explicitFileType = wrapper.cfbundle; includeInIndex = 0; path = GoEuroTests.xctest; sourceTree = BUILT_PRODUCTS_DIR; };
		565F60E918F547B90041799F /* XCTest.framework */ = {isa = PBXFileReference; lastKnownFileType = wrapper.framework; name = XCTest.framework; path = Library/Frameworks/XCTest.framework; sourceTree = DEVELOPER_DIR; };
		565F60F118F547B90041799F /* GoEuroTests-Info.plist */ = {isa = PBXFileReference; lastKnownFileType = text.plist.xml; path = "GoEuroTests-Info.plist"; sourceTree = "<group>"; };
		565F60F318F547B90041799F /* en */ = {isa = PBXFileReference; lastKnownFileType = text.plist.strings; name = en; path = en.lproj/InfoPlist.strings; sourceTree = "<group>"; };
		565F60F518F547B90041799F /* GoEuroTests.m */ = {isa = PBXFileReference; lastKnownFileType = sourcecode.c.objc; path = GoEuroTests.m; sourceTree = "<group>"; };
		565F60FF18F549A90041799F /* Logo_Goeuro-1024x196.jpg */ = {isa = PBXFileReference; lastKnownFileType = image.jpeg; path = "Logo_Goeuro-1024x196.jpg"; sourceTree = "<group>"; };
		565F610118F549B10041799F /* goeuro.png */ = {isa = PBXFileReference; lastKnownFileType = image.png; path = goeuro.png; sourceTree = "<group>"; };
/* End PBXFileReference section */

/* Begin PBXFrameworksBuildPhase section */
		565F60C418F547B80041799F /* Frameworks */ = {
			isa = PBXFrameworksBuildPhase;
			buildActionMask = 2147483647;
			files = (
				5630FB1418FB0C0800D9AB29 /* CoreLocation.framework in Frameworks */,
				565F60CD18F547B80041799F /* CoreGraphics.framework in Frameworks */,
				565F60CF18F547B80041799F /* UIKit.framework in Frameworks */,
				565F60CB18F547B80041799F /* Foundation.framework in Frameworks */,
			);
			runOnlyForDeploymentPostprocessing = 0;
		};
		565F60E518F547B90041799F /* Frameworks */ = {
			isa = PBXFrameworksBuildPhase;
			buildActionMask = 2147483647;
			files = (
				565F60EA18F547B90041799F /* XCTest.framework in Frameworks */,
				565F60EC18F547B90041799F /* UIKit.framework in Frameworks */,
				565F60EB18F547B90041799F /* Foundation.framework in Frameworks */,
			);
			runOnlyForDeploymentPostprocessing = 0;
		};
/* End PBXFrameworksBuildPhase section */

/* Begin PBXGroup section */
		565F60BE18F547B80041799F = {
			isa = PBXGroup;
			children = (
				565F60D018F547B80041799F /* GoEuro */,
				565F60EF18F547B90041799F /* GoEuroTests */,
				565F60C918F547B80041799F /* Frameworks */,
				565F60C818F547B80041799F /* Products */,
			);
			sourceTree = "<group>";
		};
		565F60C818F547B80041799F /* Products */ = {
			isa = PBXGroup;
			children = (
				565F60C718F547B80041799F /* GoEuro.app */,
				565F60E818F547B90041799F /* GoEuroTests.xctest */,
			);
			name = Products;
			sourceTree = "<group>";
		};
		565F60C918F547B80041799F /* Frameworks */ = {
			isa = PBXGroup;
			children = (
				5630FB1318FB0C0800D9AB29 /* CoreLocation.framework */,
				565F60CA18F547B80041799F /* Foundation.framework */,
				565F60CC18F547B80041799F /* CoreGraphics.framework */,
				565F60CE18F547B80041799F /* UIKit.framework */,
				565F60E918F547B90041799F /* XCTest.framework */,
			);
			name = Frameworks;
			sourceTree = "<group>";
		};
		565F60D018F547B80041799F /* GoEuro */ = {
			isa = PBXGroup;
			children = (
				565F60D918F547B80041799F /* GEAppDelegate.h */,
				565F60DA18F547B80041799F /* GEAppDelegate.m */,
				565F60DC18F547B90041799F /* Main.storyboard */,
				565F60DF18F547B90041799F /* GEViewController.h */,
				565F60E018F547B90041799F /* GEViewController.m */,
				565F60E218F547B90041799F /* Images.xcassets */,
				565F60D118F547B80041799F /* Supporting Files */,
			);
			path = GoEuro;
			sourceTree = "<group>";
		};
		565F60D118F547B80041799F /* Supporting Files */ = {
			isa = PBXGroup;
			children = (
				565F60FF18F549A90041799F /* Logo_Goeuro-1024x196.jpg */,
				565F610118F549B10041799F /* goeuro.png */,
				565F60D218F547B80041799F /* GoEuro-Info.plist */,
				565F60D318F547B80041799F /* InfoPlist.strings */,
				565F60D618F547B80041799F /* main.m */,
				565F60D818F547B80041799F /* GoEuro-Prefix.pch */,
			);
			name = "Supporting Files";
			sourceTree = "<group>";
		};
		565F60EF18F547B90041799F /* GoEuroTests */ = {
			isa = PBXGroup;
			children = (
				565F60F518F547B90041799F /* GoEuroTests.m */,
				565F60F018F547B90041799F /* Supporting Files */,
			);
			path = GoEuroTests;
			sourceTree = "<group>";
		};
		565F60F018F547B90041799F /* Supporting Files */ = {
			isa = PBXGroup;
			children = (
				565F60F118F547B90041799F /* GoEuroTests-Info.plist */,
				565F60F218F547B90041799F /* InfoPlist.strings */,
			);
			name = "Supporting Files";
			sourceTree = "<group>";
		};
/* End PBXGroup section */

/* Begin PBXNativeTarget section */
		565F60C618F547B80041799F /* GoEuro */ = {
			isa = PBXNativeTarget;
			buildConfigurationList = 565F60F918F547B90041799F /* Build configuration list for PBXNativeTarget "GoEuro" */;
			buildPhases = (
				565F60C318F547B80041799F /* Sources */,
				565F60C418F547B80041799F /* Frameworks */,
				565F60C518F547B80041799F /* Resources */,
			);
			buildRules = (
			);
			dependencies = (
			);
			name = GoEuro;
			productName = GoEuro;
			productReference = 565F60C718F547B80041799F /* GoEuro.app */;
			productType = "com.apple.product-type.application";
		};
		565F60E718F547B90041799F /* GoEuroTests */ = {
			isa = PBXNativeTarget;
			buildConfigurationList = 565F60FC18F547B90041799F /* Build configuration list for PBXNativeTarget "GoEuroTests" */;
			buildPhases = (
				565F60E418F547B90041799F /* Sources */,
				565F60E518F547B90041799F /* Frameworks */,
				565F60E618F547B90041799F /* Resources */,
			);
			buildRules = (
			);
			dependencies = (
				565F60EE18F547B90041799F /* PBXTargetDependency */,
			);
			name = GoEuroTests;
			productName = GoEuroTests;
			productReference = 565F60E818F547B90041799F /* GoEuroTests.xctest */;
			productType = "com.apple.product-type.bundle.unit-test";
		};
/* End PBXNativeTarget section */

/* Begin PBXProject section */
		565F60BF18F547B80041799F /* Project object */ = {
			isa = PBXProject;
			attributes = {
				CLASSPREFIX = GE;
				LastUpgradeCheck = 0510;
				ORGANIZATIONNAME = "simon lustgarten";
				TargetAttributes = {
					565F60E718F547B90041799F = {
						TestTargetID = 565F60C618F547B80041799F;
					};
				};
			};
			buildConfigurationList = 565F60C218F547B80041799F /* Build configuration list for PBXProject "GoEuro" */;
			compatibilityVersion = "Xcode 3.2";
			developmentRegion = English;
			hasScannedForEncodings = 0;
			knownRegions = (
				en,
				Base,
			);
			mainGroup = 565F60BE18F547B80041799F;
			productRefGroup = 565F60C818F547B80041799F /* Products */;
			projectDirPath = "";
			projectRoot = "";
			targets = (
				565F60C618F547B80041799F /* GoEuro */,
				565F60E718F547B90041799F /* GoEuroTests */,
			);
		};
/* End PBXProject section */

/* Begin PBXResourcesBuildPhase section */
		565F60C518F547B80041799F /* Resources */ = {
			isa = PBXResourcesBuildPhase;
			buildActionMask = 2147483647;
			files = (
				565F610018F549A90041799F /* Logo_Goeuro-1024x196.jpg in Resources */,
				565F60E318F547B90041799F /* Images.xcassets in Resources */,
				565F60D518F547B80041799F /* InfoPlist.strings in Resources */,
				565F60DE18F547B90041799F /* Main.storyboard in Resources */,
				565F610218F549B10041799F /* goeuro.png in Resources */,
			);
			runOnlyForDeploymentPostprocessing = 0;
		};
		565F60E618F547B90041799F /* Resources */ = {
			isa = PBXResourcesBuildPhase;
			buildActionMask = 2147483647;
			files = (
				565F60F418F547B90041799F /* InfoPlist.strings in Resources */,
			);
			runOnlyForDeploymentPostprocessing = 0;
		};
/* End PBXResourcesBuildPhase section */

/* Begin PBXSourcesBuildPhase section */
		565F60C318F547B80041799F /* Sources */ = {
			isa = PBXSourcesBuildPhase;
			buildActionMask = 2147483647;
			files = (
				565F60DB18F547B80041799F /* GEAppDelegate.m in Sources */,
				565F60E118F547B90041799F /* GEViewController.m in Sources */,
				565F60D718F547B80041799F /* main.m in Sources */,
			);
			runOnlyForDeploymentPostprocessing = 0;
		};
		565F60E418F547B90041799F /* Sources */ = {
			isa = PBXSourcesBuildPhase;
			buildActionMask = 2147483647;
			files = (
				565F60F618F547B90041799F /* GoEuroTests.m in Sources */,
			);
			runOnlyForDeploymentPostprocessing = 0;
		};
/* End PBXSourcesBuildPhase section */

/* Begin PBXTargetDependency section */
		565F60EE18F547B90041799F /* PBXTargetDependency */ = {
			isa = PBXTargetDependency;
			target = 565F60C618F547B80041799F /* GoEuro */;
			targetProxy = 565F60ED18F547B90041799F /* PBXContainerItemProxy */;
		};
/* End PBXTargetDependency section */

/* Begin PBXVariantGroup section */
		565F60D318F547B80041799F /* InfoPlist.strings */ = {
			isa = PBXVariantGroup;
			children = (
				565F60D418F547B80041799F /* en */,
			);
			name = InfoPlist.strings;
			sourceTree = "<group>";
		};
		565F60DC18F547B90041799F /* Main.storyboard */ = {
			isa = PBXVariantGroup;
			children = (
				565F60DD18F547B90041799F /* Base */,
			);
			name = Main.storyboard;
			sourceTree = "<group>";
		};
		565F60F218F547B90041799F /* InfoPlist.strings */ = {
			isa = PBXVariantGroup;
			children = (
				565F60F318F547B90041799F /* en */,
			);
			name = InfoPlist.strings;
			sourceTree = "<group>";
		};
/* End PBXVariantGroup section */

/* Begin XCBuildConfiguration section */
		565F60F718F547B90041799F /* Debug */ = {
			isa = XCBuildConfiguration;
			buildSettings = {
				ALWAYS_SEARCH_USER_PATHS = NO;
				CLANG_CXX_LANGUAGE_STANDARD = "gnu++0x";
				CLANG_CXX_LIBRARY = "libc++";
				CLANG_ENABLE_MODULES = YES;
				CLANG_ENABLE_OBJC_ARC = YES;
				CLANG_WARN_BOOL_CONVERSION = YES;
				CLANG_WARN_CONSTANT_CONVERSION = YES;
				CLANG_WARN_DIRECT_OBJC_ISA_USAGE = YES_ERROR;
				CLANG_WARN_EMPTY_BODY = YES;
				CLANG_WARN_ENUM_CONVERSION = YES;
				CLANG_WARN_INT_CONVERSION = YES;
				CLANG_WARN_OBJC_ROOT_CLASS = YES_ERROR;
				CLANG_WARN__DUPLICATE_METHOD_MATCH = YES;
				"CODE_SIGN_IDENTITY[sdk=iphoneos*]" = "iPhone Developer";
				COPY_PHASE_STRIP = NO;
				GCC_C_LANGUAGE_STANDARD = gnu99;
				GCC_DYNAMIC_NO_PIC = NO;
				GCC_OPTIMIZATION_LEVEL = 0;
				GCC_PREPROCESSOR_DEFINITIONS = (
					"DEBUG=1",
					"$(inherited)",
				);
				GCC_SYMBOLS_PRIVATE_EXTERN = NO;
				GCC_WARN_64_TO_32_BIT_CONVERSION = YES;
				GCC_WARN_ABOUT_RETURN_TYPE = YES_ERROR;
				GCC_WARN_UNDECLARED_SELECTOR = YES;
				GCC_WARN_UNINITIALIZED_AUTOS = YES_AGGRESSIVE;
				GCC_WARN_UNUSED_FUNCTION = YES;
				GCC_WARN_UNUSED_VARIABLE = YES;
				IPHONEOS_DEPLOYMENT_TARGET = 7.1;
				ONLY_ACTIVE_ARCH = YES;
				SDKROOT = iphoneos;
			};
			name = Debug;
		};
		565F60F818F547B90041799F /* Release */ = {
			isa = XCBuildConfiguration;
			buildSettings = {
				ALWAYS_SEARCH_USER_PATHS = NO;
				CLANG_CXX_LANGUAGE_STANDARD = "gnu++0x";
				CLANG_CXX_LIBRARY = "libc++";
				CLANG_ENABLE_MODULES = YES;
				CLANG_ENABLE_OBJC_ARC = YES;
				CLANG_WARN_BOOL_CONVERSION = YES;
				CLANG_WARN_CONSTANT_CONVERSION = YES;
				CLANG_WARN_DIRECT_OBJC_ISA_USAGE = YES_ERROR;
				CLANG_WARN_EMPTY_BODY = YES;
				CLANG_WARN_ENUM_CONVERSION = YES;
				CLANG_WARN_INT_CONVERSION = YES;
				CLANG_WARN_OBJC_ROOT_CLASS = YES_ERROR;
				CLANG_WARN__DUPLICATE_METHOD_MATCH = YES;
				"CODE_SIGN_IDENTITY[sdk=iphoneos*]" = "iPhone Developer";
				COPY_PHASE_STRIP = YES;
				ENABLE_NS_ASSERTIONS = NO;
				GCC_C_LANGUAGE_STANDARD = gnu99;
				GCC_WARN_64_TO_32_BIT_CONVERSION = YES;
				GCC_WARN_ABOUT_RETURN_TYPE = YES_ERROR;
				GCC_WARN_UNDECLARED_SELECTOR = YES;
				GCC_WARN_UNINITIALIZED_AUTOS = YES_AGGRESSIVE;
				GCC_WARN_UNUSED_FUNCTION = YES;
				GCC_WARN_UNUSED_VARIABLE = YES;
				IPHONEOS_DEPLOYMENT_TARGET = 7.1;
				SDKROOT = iphoneos;
				VALIDATE_PRODUCT = YES;
			};
			name = Release;
		};
		565F60FA18F547B90041799F /* Debug */ = {
			isa = XCBuildConfiguration;
			buildSettings = {
				ASSETCATALOG_COMPILER_APPICON_NAME = AppIcon;
				ASSETCATALOG_COMPILER_LAUNCHIMAGE_NAME = LaunchImage;
				GCC_PRECOMPILE_PREFIX_HEADER = YES;
				GCC_PREFIX_HEADER = "GoEuro/GoEuro-Prefix.pch";
				INFOPLIST_FILE = "GoEuro/GoEuro-Info.plist";
				PRODUCT_NAME = "$(TARGET_NAME)";
				WRAPPER_EXTENSION = app;
			};
			name = Debug;
		};
		565F60FB18F547B90041799F /* Release */ = {
			isa = XCBuildConfiguration;
			buildSettings = {
				ASSETCATALOG_COMPILER_APPICON_NAME = AppIcon;
				ASSETCATALOG_COMPILER_LAUNCHIMAGE_NAME = LaunchImage;
				GCC_PRECOMPILE_PREFIX_HEADER = YES;
				GCC_PREFIX_HEADER = "GoEuro/GoEuro-Prefix.pch";
				INFOPLIST_FILE = "GoEuro/GoEuro-Info.plist";
				PRODUCT_NAME = "$(TARGET_NAME)";
				WRAPPER_EXTENSION = app;
			};
			name = Release;
		};
		565F60FD18F547B90041799F /* Debug */ = {
			isa = XCBuildConfiguration;
			buildSettings = {
				BUNDLE_LOADER = "$(BUILT_PRODUCTS_DIR)/GoEuro.app/GoEuro";
				FRAMEWORK_SEARCH_PATHS = (
					"$(SDKROOT)/Developer/Library/Frameworks",
					"$(inherited)",
					"$(DEVELOPER_FRAMEWORKS_DIR)",
				);
				GCC_PRECOMPILE_PREFIX_HEADER = YES;
				GCC_PREFIX_HEADER = "GoEuro/GoEuro-Prefix.pch";
				GCC_PREPROCESSOR_DEFINITIONS = (
					"DEBUG=1",
					"$(inherited)",
				);
				INFOPLIST_FILE = "GoEuroTests/GoEuroTests-Info.plist";
				PRODUCT_NAME = "$(TARGET_NAME)";
				TEST_HOST = "$(BUNDLE_LOADER)";
				WRAPPER_EXTENSION = xctest;
			};
			name = Debug;
		};
		565F60FE18F547B90041799F /* Release */ = {
			isa = XCBuildConfiguration;
			buildSettings = {
				BUNDLE_LOADER = "$(BUILT_PRODUCTS_DIR)/GoEuro.app/GoEuro";
				FRAMEWORK_SEARCH_PATHS = (
					"$(SDKROOT)/Developer/Library/Frameworks",
					"$(inherited)",
					"$(DEVELOPER_FRAMEWORKS_DIR)",
				);
				GCC_PRECOMPILE_PREFIX_HEADER = YES;
				GCC_PREFIX_HEADER = "GoEuro/GoEuro-Prefix.pch";
				INFOPLIST_FILE = "GoEuroTests/GoEuroTests-Info.plist";
				PRODUCT_NAME = "$(TARGET_NAME)";
				TEST_HOST = "$(BUNDLE_LOADER)";
				WRAPPER_EXTENSION = xctest;
			};
			name = Release;
		};
/* End XCBuildConfiguration section */

/* Begin XCConfigurationList section */
		565F60C218F547B80041799F /* Build configuration list for PBXProject "GoEuro" */ = {
			isa = XCConfigurationList;
			buildConfigurations = (
				565F60F718F547B90041799F /* Debug */,
				565F60F818F547B90041799F /* Release */,
			);
			defaultConfigurationIsVisible = 0;
			defaultConfigurationName = Release;
		};
		565F60F918F547B90041799F /* Build configuration list for PBXNativeTarget "GoEuro" */ = {
			isa = XCConfigurationList;
			buildConfigurations = (
				565F60FA18F547B90041799F /* Debug */,
				565F60FB18F547B90041799F /* Release */,
			);
			defaultConfigurationIsVisible = 0;
			defaultConfigurationName = Release;
		};
		565F60FC18F547B90041799F /* Build configuration list for PBXNativeTarget "GoEuroTests" */ = {
			isa = XCConfigurationList;
			buildConfigurations = (
				565F60FD18F547B90041799F /* Debug */,
				565F60FE18F547B90041799F /* Release */,
			);
			defaultConfigurationIsVisible = 0;
			defaultConfigurationName = Release;
		};
/* End XCConfigurationList section */
	};
	rootObject = 565F60BF18F547B80041799F /* Project object */;
}
